github.com/gregoryguillou/go-git-http-xfer v1.4.1-0.20210501161012-03cf1dc949d9 h1:XS2fG1M0EuvPGPYwr7sPxn9KIHFtLKOIIw9Z1V0ZpWA=
github.com/gregoryguillou/go-git-http-xfer v1.4.1-0.20210501161012-03cf1dc949d9/go.mod h1:CDO3otz4Zptz8m/foftTMpIIVL4oM4Mlkp9bFzoj9eA=
github.com/robfig/cron/v3 v3.0.1 h1:WdRxkvbJztn8LMz/QEvLN5sBU+xKpSqwwUO1Pjr4qDs=
github.com/robfig/cron/v3 v3.0.1/go.mod h1:eQICP3HwyT7UooqI/z+Ov+PtYAWygg1TEWWzGIFLtro=
golang.org/x/sync v0.0.0-20210220032951-036812b2e83c h1:5KslGYwFpkhGh+Q16bwMP3cOontH8FOep7tGV86Y7SQ=
golang.org/x/sync v0.0.0-20210220032951-036812b2e83c/go.mod h1:RxMgew5VJxzue5/jJTE5uejpjVlOe/izrB70Jof72aM=
